
Microsoft Visual Studio Solution File, Format Version 12.00
# Visual Studio Version 16
VisualStudioVersion = 16.0.32510.428
MinimumVisualStudioVersion = 10.0.40219.1
Project("{FAE04EC0-301F-11D3-BF4B-00C04F79EFBC}") = "TarjetaCreditoAPI", "TarjetaCreditoAPI\TarjetaCreditoAPI.csproj", "{B41194A1-51DF-474C-816B-E653B50ADE78}"
EndProject
Global
	GlobalSection(SolutionConfigurationPlatforms) = preSolution
		Debug|Any CPU = Debug|Any CPU
		Release|Any CPU = Release|Any CPU
	EndGlobalSection
	GlobalSection(ProjectConfigurationPlatforms) = postSolution
		{B41194A1-51DF-474C-816B-E653B50ADE78}.Debug|Any CPU.ActiveCfg = Debug|Any CPU
		{B41194A1-51DF-474C-816B-E653B50ADE78}.Debug|Any CPU.Build.0 = Debug|Any CPU
		{B41194A1-51DF-474C-816B-E653B50ADE78}.Release|Any CPU.ActiveCfg = Release|Any CPU
		{B41194A1-51DF-474C-816B-E653B50ADE78}.Release|Any CPU.Build.0 = Release|Any CPU
	EndGlobalSection
	GlobalSection(SolutionProperties) = preSolution
		HideSolutionNode = FALSE
	EndGlobalSection
	GlobalSection(ExtensibilityGlobals) = postSolution
		SolutionGuid = {075E05A8-EE58-4D4D-958E-9570A315736D}
	EndGlobalSection
EndGlobal
